
Microsoft Visual Studio Solution File, Format Version 12.00
# Visual Studio Version 16
VisualStudioVersion = 16.0.31702.278
MinimumVisualStudioVersion = 10.0.40219.1
Project("{2150E333-8FDC-42A3-9474-1A3956D46DE8}") = "Tests", "Tests", "{53B4D6AE-E58A-438E-88E6-1219C6B95229}"
EndProject
Project("{2150E333-8FDC-42A3-9474-1A3956D46DE8}") = "Solution Items", "Solution Items", "{4DD53148-3BEE-4210-8C85-8B8445F8F23E}"
	ProjectSection(SolutionItems) = preProject
		GenerateReleaseNotes.ps1 = GenerateReleaseNotes.ps1
		NuGet.config = NuGet.config
		pipeline-asynccaller-sdk.yml = pipeline-asynccaller-sdk.yml
		pipeline-authentication-aspnet-sdk.yml = pipeline-authentication-aspnet-sdk.yml
		pipeline-authentication-sdk.yml = pipeline-authentication-sdk.yml
		pipeline-businessevents-sdk.yml = pipeline-businessevents-sdk.yml
		pipeline-configurations-sdk.yml = pipeline-configurations-sdk.yml
		pipeline-keytranslator-sdk.yml = pipeline-keytranslator-sdk.yml
		pipeline-logger-sdk.yml = pipeline-logger-sdk.yml
	EndProjectSection
EndProject
Project("{9A19103F-16F7-4668-BE54-9A1E7A4F7556}") = "AsyncManager.Sdk", "src\AsyncManager.Sdk\AsyncManager.Sdk.csproj", "{ACC164A8-6A0D-49F3-8217-44F66835BF9A}"
EndProject
Project("{9A19103F-16F7-4668-BE54-9A1E7A4F7556}") = "WorkflowEngine.Sdk.Persistence.Abstract", "src\WorkflowEngine.Sdk.Persistence.Abstract\WorkflowEngine.Sdk.Persistence.Abstract.csproj", "{ABDACB83-1CED-41D1-856B-2FDD7E056798}"
EndProject
Project("{9A19103F-16F7-4668-BE54-9A1E7A4F7556}") = "WorkflowEngine.Sdk.Persistence.Memory", "src\WorkflowEngine.Sdk.Persistence.Memory\WorkflowEngine.Sdk.Persistence.Memory.csproj", "{A29E03A6-83EB-4F8F-89CD-702E3F6E6095}"
EndProject
Project("{9A19103F-16F7-4668-BE54-9A1E7A4F7556}") = "WorkflowEngine.Sdk", "src\WorkflowEngine.Sdk\WorkflowEngine.Sdk.csproj", "{C030A191-AC21-4E83-9C13-B246DA82BCCF}"
EndProject
Project("{9A19103F-16F7-4668-BE54-9A1E7A4F7556}") = "WorkflowEngine.Sdk.Persistence.Sql", "src\WorkflowEngine.Sdk.Persistence.Sql\WorkflowEngine.Sdk.Persistence.Sql.csproj", "{8D2479DF-20AD-4DBB-B52F-D9D099D115FD}"
EndProject
Project("{9A19103F-16F7-4668-BE54-9A1E7A4F7556}") = "WorkflowEngine.Sdk.Persistence.Sql.IntegrationTests", "test\WorkflowEngine.Sdk.Persistence.Sql.UnitTests\WorkflowEngine.Sdk.Persistence.Sql.IntegrationTests.csproj", "{77353A1E-2091-444C-8F5B-F6671CADE804}"
EndProject
Project("{9A19103F-16F7-4668-BE54-9A1E7A4F7556}") = "WorkflowEngine.Sdk.UnitTests", "test\WorkflowEngine.Sdk.UnitTests\WorkflowEngine.Sdk.UnitTests.csproj", "{0794EB3C-8F3D-4F38-A16E-B840E89014E1}"
EndProject
Project("{9A19103F-16F7-4668-BE54-9A1E7A4F7556}") = "WorkflowEngine.Sdk.UnitTests.Abstract", "test\WorkflowEngine.Sdk.UnitTests.Abstract\WorkflowEngine.Sdk.UnitTests.Abstract.csproj", "{2D607E9E-0CD5-42DB-BB9A-E1C9CB85504D}"
EndProject
Global
	GlobalSection(SolutionConfigurationPlatforms) = preSolution
		ci|Any CPU = ci|Any CPU
		Debug|Any CPU = Debug|Any CPU
		int|Any CPU = int|Any CPU
		prd|Any CPU = prd|Any CPU
		prdsim|Any CPU = prdsim|Any CPU
		prd-simulation|Any CPU = prd-simulation|Any CPU
		Release|Any CPU = Release|Any CPU
		ver|Any CPU = ver|Any CPU
	EndGlobalSection
	GlobalSection(ProjectConfigurationPlatforms) = postSolution
		{ACC164A8-6A0D-49F3-8217-44F66835BF9A}.ci|Any CPU.ActiveCfg = ci|Any CPU
		{ACC164A8-6A0D-49F3-8217-44F66835BF9A}.ci|Any CPU.Build.0 = ci|Any CPU
		{ACC164A8-6A0D-49F3-8217-44F66835BF9A}.Debug|Any CPU.ActiveCfg = Debug|Any CPU
		{ACC164A8-6A0D-49F3-8217-44F66835BF9A}.Debug|Any CPU.Build.0 = Debug|Any CPU
		{ACC164A8-6A0D-49F3-8217-44F66835BF9A}.int|Any CPU.ActiveCfg = Debug|Any CPU
		{ACC164A8-6A0D-49F3-8217-44F66835BF9A}.int|Any CPU.Build.0 = Debug|Any CPU
		{ACC164A8-6A0D-49F3-8217-44F66835BF9A}.prd|Any CPU.ActiveCfg = prd|Any CPU
		{ACC164A8-6A0D-49F3-8217-44F66835BF9A}.prd|Any CPU.Build.0 = prd|Any CPU
		{ACC164A8-6A0D-49F3-8217-44F66835BF9A}.prdsim|Any CPU.ActiveCfg = prdsim|Any CPU
		{ACC164A8-6A0D-49F3-8217-44F66835BF9A}.prdsim|Any CPU.Build.0 = prdsim|Any CPU
		{ACC164A8-6A0D-49F3-8217-44F66835BF9A}.prd-simulation|Any CPU.ActiveCfg = prdsim|Any CPU
		{ACC164A8-6A0D-49F3-8217-44F66835BF9A}.prd-simulation|Any CPU.Build.0 = prdsim|Any CPU
		{ACC164A8-6A0D-49F3-8217-44F66835BF9A}.Release|Any CPU.ActiveCfg = Release|Any CPU
		{ACC164A8-6A0D-49F3-8217-44F66835BF9A}.Release|Any CPU.Build.0 = Release|Any CPU
		{ACC164A8-6A0D-49F3-8217-44F66835BF9A}.ver|Any CPU.ActiveCfg = Debug|Any CPU
		{ACC164A8-6A0D-49F3-8217-44F66835BF9A}.ver|Any CPU.Build.0 = Debug|Any CPU
		{ABDACB83-1CED-41D1-856B-2FDD7E056798}.ci|Any CPU.ActiveCfg = Debug|Any CPU
		{ABDACB83-1CED-41D1-856B-2FDD7E056798}.ci|Any CPU.Build.0 = Debug|Any CPU
		{ABDACB83-1CED-41D1-856B-2FDD7E056798}.Debug|Any CPU.ActiveCfg = Debug|Any CPU
		{ABDACB83-1CED-41D1-856B-2FDD7E056798}.Debug|Any CPU.Build.0 = Debug|Any CPU
		{ABDACB83-1CED-41D1-856B-2FDD7E056798}.int|Any CPU.ActiveCfg = Debug|Any CPU
		{ABDACB83-1CED-41D1-856B-2FDD7E056798}.int|Any CPU.Build.0 = Debug|Any CPU
		{ABDACB83-1CED-41D1-856B-2FDD7E056798}.prd|Any CPU.ActiveCfg = Debug|Any CPU
		{ABDACB83-1CED-41D1-856B-2FDD7E056798}.prd|Any CPU.Build.0 = Debug|Any CPU
		{ABDACB83-1CED-41D1-856B-2FDD7E056798}.prdsim|Any CPU.ActiveCfg = Release|Any CPU
		{ABDACB83-1CED-41D1-856B-2FDD7E056798}.prdsim|Any CPU.Build.0 = Release|Any CPU
		{ABDACB83-1CED-41D1-856B-2FDD7E056798}.prd-simulation|Any CPU.ActiveCfg = Debug|Any CPU
		{ABDACB83-1CED-41D1-856B-2FDD7E056798}.prd-simulation|Any CPU.Build.0 = Debug|Any CPU
		{ABDACB83-1CED-41D1-856B-2FDD7E056798}.Release|Any CPU.ActiveCfg = Release|Any CPU
		{ABDACB83-1CED-41D1-856B-2FDD7E056798}.Release|Any CPU.Build.0 = Release|Any CPU
		{ABDACB83-1CED-41D1-856B-2FDD7E056798}.ver|Any CPU.ActiveCfg = Debug|Any CPU
		{ABDACB83-1CED-41D1-856B-2FDD7E056798}.ver|Any CPU.Build.0 = Debug|Any CPU
		{A29E03A6-83EB-4F8F-89CD-702E3F6E6095}.ci|Any CPU.ActiveCfg = Debug|Any CPU
		{A29E03A6-83EB-4F8F-89CD-702E3F6E6095}.ci|Any CPU.Build.0 = Debug|Any CPU
		{A29E03A6-83EB-4F8F-89CD-702E3F6E6095}.Debug|Any CPU.ActiveCfg = Debug|Any CPU
		{A29E03A6-83EB-4F8F-89CD-702E3F6E6095}.Debug|Any CPU.Build.0 = Debug|Any CPU
		{A29E03A6-83EB-4F8F-89CD-702E3F6E6095}.int|Any CPU.ActiveCfg = Debug|Any CPU
		{A29E03A6-83EB-4F8F-89CD-702E3F6E6095}.int|Any CPU.Build.0 = Debug|Any CPU
		{A29E03A6-83EB-4F8F-89CD-702E3F6E6095}.prd|Any CPU.ActiveCfg = Debug|Any CPU
		{A29E03A6-83EB-4F8F-89CD-702E3F6E6095}.prd|Any CPU.Build.0 = Debug|Any CPU
		{A29E03A6-83EB-4F8F-89CD-702E3F6E6095}.prdsim|Any CPU.ActiveCfg = Release|Any CPU
		{A29E03A6-83EB-4F8F-89CD-702E3F6E6095}.prdsim|Any CPU.Build.0 = Release|Any CPU
		{A29E03A6-83EB-4F8F-89CD-702E3F6E6095}.prd-simulation|Any CPU.ActiveCfg = Debug|Any CPU
		{A29E03A6-83EB-4F8F-89CD-702E3F6E6095}.prd-simulation|Any CPU.Build.0 = Debug|Any CPU
		{A29E03A6-83EB-4F8F-89CD-702E3F6E6095}.Release|Any CPU.ActiveCfg = Release|Any CPU
		{A29E03A6-83EB-4F8F-89CD-702E3F6E6095}.Release|Any CPU.Build.0 = Release|Any CPU
		{A29E03A6-83EB-4F8F-89CD-702E3F6E6095}.ver|Any CPU.ActiveCfg = Debug|Any CPU
		{A29E03A6-83EB-4F8F-89CD-702E3F6E6095}.ver|Any CPU.Build.0 = Debug|Any CPU
		{C030A191-AC21-4E83-9C13-B246DA82BCCF}.ci|Any CPU.ActiveCfg = Debug|Any CPU
		{C030A191-AC21-4E83-9C13-B246DA82BCCF}.ci|Any CPU.Build.0 = Debug|Any CPU
		{C030A191-AC21-4E83-9C13-B246DA82BCCF}.Debug|Any CPU.ActiveCfg = Debug|Any CPU
		{C030A191-AC21-4E83-9C13-B246DA82BCCF}.Debug|Any CPU.Build.0 = Debug|Any CPU
		{C030A191-AC21-4E83-9C13-B246DA82BCCF}.int|Any CPU.ActiveCfg = Debug|Any CPU
		{C030A191-AC21-4E83-9C13-B246DA82BCCF}.int|Any CPU.Build.0 = Debug|Any CPU
		{C030A191-AC21-4E83-9C13-B246DA82BCCF}.prd|Any CPU.ActiveCfg = Debug|Any CPU
		{C030A191-AC21-4E83-9C13-B246DA82BCCF}.prd|Any CPU.Build.0 = Debug|Any CPU
		{C030A191-AC21-4E83-9C13-B246DA82BCCF}.prdsim|Any CPU.ActiveCfg = Release|Any CPU
		{C030A191-AC21-4E83-9C13-B246DA82BCCF}.prdsim|Any CPU.Build.0 = Release|Any CPU
		{C030A191-AC21-4E83-9C13-B246DA82BCCF}.prd-simulation|Any CPU.ActiveCfg = Debug|Any CPU
		{C030A191-AC21-4E83-9C13-B246DA82BCCF}.prd-simulation|Any CPU.Build.0 = Debug|Any CPU
		{C030A191-AC21-4E83-9C13-B246DA82BCCF}.Release|Any CPU.ActiveCfg = Release|Any CPU
		{C030A191-AC21-4E83-9C13-B246DA82BCCF}.Release|Any CPU.Build.0 = Release|Any CPU
		{C030A191-AC21-4E83-9C13-B246DA82BCCF}.ver|Any CPU.ActiveCfg = Debug|Any CPU
		{C030A191-AC21-4E83-9C13-B246DA82BCCF}.ver|Any CPU.Build.0 = Debug|Any CPU
		{8D2479DF-20AD-4DBB-B52F-D9D099D115FD}.ci|Any CPU.ActiveCfg = Debug|Any CPU
		{8D2479DF-20AD-4DBB-B52F-D9D099D115FD}.ci|Any CPU.Build.0 = Debug|Any CPU
		{8D2479DF-20AD-4DBB-B52F-D9D099D115FD}.Debug|Any CPU.ActiveCfg = Debug|Any CPU
		{8D2479DF-20AD-4DBB-B52F-D9D099D115FD}.Debug|Any CPU.Build.0 = Debug|Any CPU
		{8D2479DF-20AD-4DBB-B52F-D9D099D115FD}.int|Any CPU.ActiveCfg = Debug|Any CPU
		{8D2479DF-20AD-4DBB-B52F-D9D099D115FD}.int|Any CPU.Build.0 = Debug|Any CPU
		{8D2479DF-20AD-4DBB-B52F-D9D099D115FD}.prd|Any CPU.ActiveCfg = Debug|Any CPU
		{8D2479DF-20AD-4DBB-B52F-D9D099D115FD}.prd|Any CPU.Build.0 = Debug|Any CPU
		{8D2479DF-20AD-4DBB-B52F-D9D099D115FD}.prdsim|Any CPU.ActiveCfg = Debug|Any CPU
		{8D2479DF-20AD-4DBB-B52F-D9D099D115FD}.prdsim|Any CPU.Build.0 = Debug|Any CPU
		{8D2479DF-20AD-4DBB-B52F-D9D099D115FD}.prd-simulation|Any CPU.ActiveCfg = Debug|Any CPU
		{8D2479DF-20AD-4DBB-B52F-D9D099D115FD}.prd-simulation|Any CPU.Build.0 = Debug|Any CPU
		{8D2479DF-20AD-4DBB-B52F-D9D099D115FD}.Release|Any CPU.ActiveCfg = Release|Any CPU
		{8D2479DF-20AD-4DBB-B52F-D9D099D115FD}.Release|Any CPU.Build.0 = Release|Any CPU
		{8D2479DF-20AD-4DBB-B52F-D9D099D115FD}.ver|Any CPU.ActiveCfg = Debug|Any CPU
		{8D2479DF-20AD-4DBB-B52F-D9D099D115FD}.ver|Any CPU.Build.0 = Debug|Any CPU
		{77353A1E-2091-444C-8F5B-F6671CADE804}.ci|Any CPU.ActiveCfg = Debug|Any CPU
		{77353A1E-2091-444C-8F5B-F6671CADE804}.ci|Any CPU.Build.0 = Debug|Any CPU
		{77353A1E-2091-444C-8F5B-F6671CADE804}.Debug|Any CPU.ActiveCfg = Debug|Any CPU
		{77353A1E-2091-444C-8F5B-F6671CADE804}.Debug|Any CPU.Build.0 = Debug|Any CPU
		{77353A1E-2091-444C-8F5B-F6671CADE804}.int|Any CPU.ActiveCfg = Debug|Any CPU
		{77353A1E-2091-444C-8F5B-F6671CADE804}.int|Any CPU.Build.0 = Debug|Any CPU
		{77353A1E-2091-444C-8F5B-F6671CADE804}.prd|Any CPU.ActiveCfg = Debug|Any CPU
		{77353A1E-2091-444C-8F5B-F6671CADE804}.prd|Any CPU.Build.0 = Debug|Any CPU
		{77353A1E-2091-444C-8F5B-F6671CADE804}.prdsim|Any CPU.ActiveCfg = Debug|Any CPU
		{77353A1E-2091-444C-8F5B-F6671CADE804}.prdsim|Any CPU.Build.0 = Debug|Any CPU
		{77353A1E-2091-444C-8F5B-F6671CADE804}.prd-simulation|Any CPU.ActiveCfg = Debug|Any CPU
		{77353A1E-2091-444C-8F5B-F6671CADE804}.prd-simulation|Any CPU.Build.0 = Debug|Any CPU
		{77353A1E-2091-444C-8F5B-F6671CADE804}.Release|Any CPU.ActiveCfg = Release|Any CPU
		{77353A1E-2091-444C-8F5B-F6671CADE804}.Release|Any CPU.Build.0 = Release|Any CPU
		{77353A1E-2091-444C-8F5B-F6671CADE804}.ver|Any CPU.ActiveCfg = Debug|Any CPU
		{77353A1E-2091-444C-8F5B-F6671CADE804}.ver|Any CPU.Build.0 = Debug|Any CPU
		{0794EB3C-8F3D-4F38-A16E-B840E89014E1}.ci|Any CPU.ActiveCfg = Debug|Any CPU
		{0794EB3C-8F3D-4F38-A16E-B840E89014E1}.ci|Any CPU.Build.0 = Debug|Any CPU
		{0794EB3C-8F3D-4F38-A16E-B840E89014E1}.Debug|Any CPU.ActiveCfg = Debug|Any CPU
		{0794EB3C-8F3D-4F38-A16E-B840E89014E1}.Debug|Any CPU.Build.0 = Debug|Any CPU
		{0794EB3C-8F3D-4F38-A16E-B840E89014E1}.int|Any CPU.ActiveCfg = Debug|Any CPU
		{0794EB3C-8F3D-4F38-A16E-B840E89014E1}.int|Any CPU.Build.0 = Debug|Any CPU
		{0794EB3C-8F3D-4F38-A16E-B840E89014E1}.prd|Any CPU.ActiveCfg = Debug|Any CPU
		{0794EB3C-8F3D-4F38-A16E-B840E89014E1}.prd|Any CPU.Build.0 = Debug|Any CPU
		{0794EB3C-8F3D-4F38-A16E-B840E89014E1}.prdsim|Any CPU.ActiveCfg = Debug|Any CPU
		{0794EB3C-8F3D-4F38-A16E-B840E89014E1}.prdsim|Any CPU.Build.0 = Debug|Any CPU
		{0794EB3C-8F3D-4F38-A16E-B840E89014E1}.prd-simulation|Any CPU.ActiveCfg = Debug|Any CPU
		{0794EB3C-8F3D-4F38-A16E-B840E89014E1}.prd-simulation|Any CPU.Build.0 = Debug|Any CPU
		{0794EB3C-8F3D-4F38-A16E-B840E89014E1}.Release|Any CPU.ActiveCfg = Release|Any CPU
		{0794EB3C-8F3D-4F38-A16E-B840E89014E1}.Release|Any CPU.Build.0 = Release|Any CPU
		{0794EB3C-8F3D-4F38-A16E-B840E89014E1}.ver|Any CPU.ActiveCfg = Debug|Any CPU
		{0794EB3C-8F3D-4F38-A16E-B840E89014E1}.ver|Any CPU.Build.0 = Debug|Any CPU
		{2D607E9E-0CD5-42DB-BB9A-E1C9CB85504D}.ci|Any CPU.ActiveCfg = Debug|Any CPU
		{2D607E9E-0CD5-42DB-BB9A-E1C9CB85504D}.ci|Any CPU.Build.0 = Debug|Any CPU
		{2D607E9E-0CD5-42DB-BB9A-E1C9CB85504D}.Debug|Any CPU.ActiveCfg = Debug|Any CPU
		{2D607E9E-0CD5-42DB-BB9A-E1C9CB85504D}.Debug|Any CPU.Build.0 = Debug|Any CPU
		{2D607E9E-0CD5-42DB-BB9A-E1C9CB85504D}.int|Any CPU.ActiveCfg = Debug|Any CPU
		{2D607E9E-0CD5-42DB-BB9A-E1C9CB85504D}.int|Any CPU.Build.0 = Debug|Any CPU
		{2D607E9E-0CD5-42DB-BB9A-E1C9CB85504D}.prd|Any CPU.ActiveCfg = Debug|Any CPU
		{2D607E9E-0CD5-42DB-BB9A-E1C9CB85504D}.prd|Any CPU.Build.0 = Debug|Any CPU
		{2D607E9E-0CD5-42DB-BB9A-E1C9CB85504D}.prdsim|Any CPU.ActiveCfg = Debug|Any CPU
		{2D607E9E-0CD5-42DB-BB9A-E1C9CB85504D}.prdsim|Any CPU.Build.0 = Debug|Any CPU
		{2D607E9E-0CD5-42DB-BB9A-E1C9CB85504D}.prd-simulation|Any CPU.ActiveCfg = Debug|Any CPU
		{2D607E9E-0CD5-42DB-BB9A-E1C9CB85504D}.prd-simulation|Any CPU.Build.0 = Debug|Any CPU
		{2D607E9E-0CD5-42DB-BB9A-E1C9CB85504D}.Release|Any CPU.ActiveCfg = Release|Any CPU
		{2D607E9E-0CD5-42DB-BB9A-E1C9CB85504D}.Release|Any CPU.Build.0 = Release|Any CPU
		{2D607E9E-0CD5-42DB-BB9A-E1C9CB85504D}.ver|Any CPU.ActiveCfg = Debug|Any CPU
		{2D607E9E-0CD5-42DB-BB9A-E1C9CB85504D}.ver|Any CPU.Build.0 = Debug|Any CPU
	EndGlobalSection
	GlobalSection(SolutionProperties) = preSolution
		HideSolutionNode = FALSE
	EndGlobalSection
	GlobalSection(NestedProjects) = preSolution
		{77353A1E-2091-444C-8F5B-F6671CADE804} = {53B4D6AE-E58A-438E-88E6-1219C6B95229}
		{0794EB3C-8F3D-4F38-A16E-B840E89014E1} = {53B4D6AE-E58A-438E-88E6-1219C6B95229}
		{2D607E9E-0CD5-42DB-BB9A-E1C9CB85504D} = {53B4D6AE-E58A-438E-88E6-1219C6B95229}
	EndGlobalSection
	GlobalSection(ExtensibilityGlobals) = postSolution
		SolutionGuid = {929016C1-D948-4CB9-AD95-8115E93A6B9E}
	EndGlobalSection
EndGlobal
