
Microsoft Visual Studio Solution File, Format Version 12.00
# Visual Studio 15
VisualStudioVersion = 15.0.28307.168
MinimumVisualStudioVersion = 10.0.40219.1
Project("{9A19103F-16F7-4668-BE54-9A1E7A4F7556}") = "Nexus.Link.AsyncCaller.Sdk", "src\AsyncCaller.Sdk\Nexus.Link.AsyncCaller.Sdk.csproj", "{AC0B63AD-E18A-4D8E-93CC-D50F9DA4FA5C}"
EndProject
Project("{9A19103F-16F7-4668-BE54-9A1E7A4F7556}") = "AsyncCaller.Sdk.UnitTests", "test\AsyncCaller.UnitTests\AsyncCaller.Sdk.UnitTests.csproj", "{20E54E01-96FF-4E48-A961-0267FA748656}"
EndProject
Project("{2150E333-8FDC-42A3-9474-1A3956D46DE8}") = "Tests", "Tests", "{53B4D6AE-E58A-438E-88E6-1219C6B95229}"
EndProject
Project("{9A19103F-16F7-4668-BE54-9A1E7A4F7556}") = "Keytranslator.Sdk", "src\KeyTranslator.Sdk\Keytranslator.Sdk.csproj", "{0DA72BBA-A0B3-41BB-8008-68FF6417CACD}"
EndProject
Project("{9A19103F-16F7-4668-BE54-9A1E7A4F7556}") = "KeyTranslator.Sdk.UnitTest", "test\KeyTranslator.UnitTests\KeyTranslator.Sdk.UnitTest.csproj", "{F0C0B14E-423E-4F2F-A3B1-23438675E6BF}"
EndProject
Project("{9A19103F-16F7-4668-BE54-9A1E7A4F7556}") = "Nexus.Link.BusinessEvents.Sdk", "src\BusinessEvents.Sdk\Nexus.Link.BusinessEvents.Sdk.csproj", "{55B3C120-CA5F-4773-89AF-6D249928B576}"
EndProject
Project("{9A19103F-16F7-4668-BE54-9A1E7A4F7556}") = "Logger.Sdk", "src\Logger.Sdk\Logger.Sdk.csproj", "{61FB1E8E-6F92-4092-931F-3B3E1BBB489E}"
EndProject
Project("{2150E333-8FDC-42A3-9474-1A3956D46DE8}") = "Solution Items", "Solution Items", "{4DD53148-3BEE-4210-8C85-8B8445F8F23E}"
	ProjectSection(SolutionItems) = preProject
		GenerateReleaseNotes.ps1 = GenerateReleaseNotes.ps1
		NuGet.config = NuGet.config
		pipeline-asynccaller-sdk.yml = pipeline-asynccaller-sdk.yml
		pipeline-authentication-aspnet-sdk.yml = pipeline-authentication-aspnet-sdk.yml
		pipeline-authentication-sdk.yml = pipeline-authentication-sdk.yml
		pipeline-businessevents-sdk.yml = pipeline-businessevents-sdk.yml
		pipeline-configurations-sdk.yml = pipeline-configurations-sdk.yml
		pipeline-keytranslator-sdk.yml = pipeline-keytranslator-sdk.yml
		pipeline-logger-sdk.yml = pipeline-logger-sdk.yml
	EndProjectSection
EndProject
Project("{9A19103F-16F7-4668-BE54-9A1E7A4F7556}") = "Configurations.Sdk", "src\Configurations.Sdk\Configurations.Sdk.csproj", "{E4E87F8D-42E0-4CFB-ADFD-2E94EB7CA9C9}"
EndProject
Project("{9A19103F-16F7-4668-BE54-9A1E7A4F7556}") = "Authentication.Sdk", "src\Authentication.Sdk\Authentication.Sdk.csproj", "{5DF4C067-F68B-440F-808D-653D43F91480}"
EndProject
Project("{9A19103F-16F7-4668-BE54-9A1E7A4F7556}") = "Authentication.AspNet.Sdk", "src\Authentication.AspNet.Sdk\Authentication.AspNet.Sdk.csproj", "{E7B1FD88-7535-47F2-8E8E-235D3D64F667}"
EndProject
Project("{9A19103F-16F7-4668-BE54-9A1E7A4F7556}") = "Logger.Sdk.UnitTest", "test\Logger.Sdk.UnitTest\Logger.Sdk.UnitTest.csproj", "{6D3177A9-A7CB-402A-9473-26179B1ACDC7}"
EndProject
Project("{9A19103F-16F7-4668-BE54-9A1E7A4F7556}") = "Authentication.Sdk.UnitTests", "test\Authentication.Sdk.UnitTests\Authentication.Sdk.UnitTests.csproj", "{0C7FF3BC-4C57-496F-AF7C-A43B23865B63}"
EndProject
Global
	GlobalSection(SolutionConfigurationPlatforms) = preSolution
		ci|Any CPU = ci|Any CPU
		Debug|Any CPU = Debug|Any CPU
		int|Any CPU = int|Any CPU
		prd|Any CPU = prd|Any CPU
		prd-simulation|Any CPU = prd-simulation|Any CPU
		Release|Any CPU = Release|Any CPU
		ver|Any CPU = ver|Any CPU
	EndGlobalSection
	GlobalSection(ProjectConfigurationPlatforms) = postSolution
		{AC0B63AD-E18A-4D8E-93CC-D50F9DA4FA5C}.ci|Any CPU.ActiveCfg = Release|Any CPU
		{AC0B63AD-E18A-4D8E-93CC-D50F9DA4FA5C}.ci|Any CPU.Build.0 = Release|Any CPU
		{AC0B63AD-E18A-4D8E-93CC-D50F9DA4FA5C}.Debug|Any CPU.ActiveCfg = Debug|Any CPU
		{AC0B63AD-E18A-4D8E-93CC-D50F9DA4FA5C}.Debug|Any CPU.Build.0 = Debug|Any CPU
		{AC0B63AD-E18A-4D8E-93CC-D50F9DA4FA5C}.int|Any CPU.ActiveCfg = Release|Any CPU
		{AC0B63AD-E18A-4D8E-93CC-D50F9DA4FA5C}.int|Any CPU.Build.0 = Release|Any CPU
		{AC0B63AD-E18A-4D8E-93CC-D50F9DA4FA5C}.prd|Any CPU.ActiveCfg = Release|Any CPU
		{AC0B63AD-E18A-4D8E-93CC-D50F9DA4FA5C}.prd|Any CPU.Build.0 = Release|Any CPU
		{AC0B63AD-E18A-4D8E-93CC-D50F9DA4FA5C}.prd-simulation|Any CPU.ActiveCfg = Release|Any CPU
		{AC0B63AD-E18A-4D8E-93CC-D50F9DA4FA5C}.prd-simulation|Any CPU.Build.0 = Release|Any CPU
		{AC0B63AD-E18A-4D8E-93CC-D50F9DA4FA5C}.Release|Any CPU.ActiveCfg = Release|Any CPU
		{AC0B63AD-E18A-4D8E-93CC-D50F9DA4FA5C}.Release|Any CPU.Build.0 = Release|Any CPU
		{AC0B63AD-E18A-4D8E-93CC-D50F9DA4FA5C}.ver|Any CPU.ActiveCfg = Release|Any CPU
		{AC0B63AD-E18A-4D8E-93CC-D50F9DA4FA5C}.ver|Any CPU.Build.0 = Release|Any CPU
		{20E54E01-96FF-4E48-A961-0267FA748656}.ci|Any CPU.ActiveCfg = Release|Any CPU
		{20E54E01-96FF-4E48-A961-0267FA748656}.ci|Any CPU.Build.0 = Release|Any CPU
		{20E54E01-96FF-4E48-A961-0267FA748656}.Debug|Any CPU.ActiveCfg = Debug|Any CPU
		{20E54E01-96FF-4E48-A961-0267FA748656}.Debug|Any CPU.Build.0 = Debug|Any CPU
		{20E54E01-96FF-4E48-A961-0267FA748656}.int|Any CPU.ActiveCfg = Release|Any CPU
		{20E54E01-96FF-4E48-A961-0267FA748656}.int|Any CPU.Build.0 = Release|Any CPU
		{20E54E01-96FF-4E48-A961-0267FA748656}.prd|Any CPU.ActiveCfg = Release|Any CPU
		{20E54E01-96FF-4E48-A961-0267FA748656}.prd|Any CPU.Build.0 = Release|Any CPU
		{20E54E01-96FF-4E48-A961-0267FA748656}.prd-simulation|Any CPU.ActiveCfg = Release|Any CPU
		{20E54E01-96FF-4E48-A961-0267FA748656}.prd-simulation|Any CPU.Build.0 = Release|Any CPU
		{20E54E01-96FF-4E48-A961-0267FA748656}.Release|Any CPU.ActiveCfg = Release|Any CPU
		{20E54E01-96FF-4E48-A961-0267FA748656}.Release|Any CPU.Build.0 = Release|Any CPU
		{20E54E01-96FF-4E48-A961-0267FA748656}.ver|Any CPU.ActiveCfg = Release|Any CPU
		{20E54E01-96FF-4E48-A961-0267FA748656}.ver|Any CPU.Build.0 = Release|Any CPU
		{0DA72BBA-A0B3-41BB-8008-68FF6417CACD}.ci|Any CPU.ActiveCfg = Release|Any CPU
		{0DA72BBA-A0B3-41BB-8008-68FF6417CACD}.ci|Any CPU.Build.0 = Release|Any CPU
		{0DA72BBA-A0B3-41BB-8008-68FF6417CACD}.Debug|Any CPU.ActiveCfg = Debug|Any CPU
		{0DA72BBA-A0B3-41BB-8008-68FF6417CACD}.Debug|Any CPU.Build.0 = Debug|Any CPU
		{0DA72BBA-A0B3-41BB-8008-68FF6417CACD}.int|Any CPU.ActiveCfg = Release|Any CPU
		{0DA72BBA-A0B3-41BB-8008-68FF6417CACD}.int|Any CPU.Build.0 = Release|Any CPU
		{0DA72BBA-A0B3-41BB-8008-68FF6417CACD}.prd|Any CPU.ActiveCfg = Release|Any CPU
		{0DA72BBA-A0B3-41BB-8008-68FF6417CACD}.prd|Any CPU.Build.0 = Release|Any CPU
		{0DA72BBA-A0B3-41BB-8008-68FF6417CACD}.prd-simulation|Any CPU.ActiveCfg = Release|Any CPU
		{0DA72BBA-A0B3-41BB-8008-68FF6417CACD}.prd-simulation|Any CPU.Build.0 = Release|Any CPU
		{0DA72BBA-A0B3-41BB-8008-68FF6417CACD}.Release|Any CPU.ActiveCfg = Release|Any CPU
		{0DA72BBA-A0B3-41BB-8008-68FF6417CACD}.Release|Any CPU.Build.0 = Release|Any CPU
		{0DA72BBA-A0B3-41BB-8008-68FF6417CACD}.ver|Any CPU.ActiveCfg = Release|Any CPU
		{0DA72BBA-A0B3-41BB-8008-68FF6417CACD}.ver|Any CPU.Build.0 = Release|Any CPU
		{F0C0B14E-423E-4F2F-A3B1-23438675E6BF}.ci|Any CPU.ActiveCfg = Release|Any CPU
		{F0C0B14E-423E-4F2F-A3B1-23438675E6BF}.ci|Any CPU.Build.0 = Release|Any CPU
		{F0C0B14E-423E-4F2F-A3B1-23438675E6BF}.Debug|Any CPU.ActiveCfg = Debug|Any CPU
		{F0C0B14E-423E-4F2F-A3B1-23438675E6BF}.Debug|Any CPU.Build.0 = Debug|Any CPU
		{F0C0B14E-423E-4F2F-A3B1-23438675E6BF}.int|Any CPU.ActiveCfg = Release|Any CPU
		{F0C0B14E-423E-4F2F-A3B1-23438675E6BF}.int|Any CPU.Build.0 = Release|Any CPU
		{F0C0B14E-423E-4F2F-A3B1-23438675E6BF}.prd|Any CPU.ActiveCfg = Release|Any CPU
		{F0C0B14E-423E-4F2F-A3B1-23438675E6BF}.prd|Any CPU.Build.0 = Release|Any CPU
		{F0C0B14E-423E-4F2F-A3B1-23438675E6BF}.prd-simulation|Any CPU.ActiveCfg = Release|Any CPU
		{F0C0B14E-423E-4F2F-A3B1-23438675E6BF}.prd-simulation|Any CPU.Build.0 = Release|Any CPU
		{F0C0B14E-423E-4F2F-A3B1-23438675E6BF}.Release|Any CPU.ActiveCfg = Release|Any CPU
		{F0C0B14E-423E-4F2F-A3B1-23438675E6BF}.Release|Any CPU.Build.0 = Release|Any CPU
		{F0C0B14E-423E-4F2F-A3B1-23438675E6BF}.ver|Any CPU.ActiveCfg = Release|Any CPU
		{F0C0B14E-423E-4F2F-A3B1-23438675E6BF}.ver|Any CPU.Build.0 = Release|Any CPU
		{55B3C120-CA5F-4773-89AF-6D249928B576}.ci|Any CPU.ActiveCfg = Release|Any CPU
		{55B3C120-CA5F-4773-89AF-6D249928B576}.ci|Any CPU.Build.0 = Release|Any CPU
		{55B3C120-CA5F-4773-89AF-6D249928B576}.Debug|Any CPU.ActiveCfg = Debug|Any CPU
		{55B3C120-CA5F-4773-89AF-6D249928B576}.Debug|Any CPU.Build.0 = Debug|Any CPU
		{55B3C120-CA5F-4773-89AF-6D249928B576}.int|Any CPU.ActiveCfg = Release|Any CPU
		{55B3C120-CA5F-4773-89AF-6D249928B576}.int|Any CPU.Build.0 = Release|Any CPU
		{55B3C120-CA5F-4773-89AF-6D249928B576}.prd|Any CPU.ActiveCfg = Release|Any CPU
		{55B3C120-CA5F-4773-89AF-6D249928B576}.prd|Any CPU.Build.0 = Release|Any CPU
		{55B3C120-CA5F-4773-89AF-6D249928B576}.prd-simulation|Any CPU.ActiveCfg = Release|Any CPU
		{55B3C120-CA5F-4773-89AF-6D249928B576}.prd-simulation|Any CPU.Build.0 = Release|Any CPU
		{55B3C120-CA5F-4773-89AF-6D249928B576}.Release|Any CPU.ActiveCfg = Release|Any CPU
		{55B3C120-CA5F-4773-89AF-6D249928B576}.Release|Any CPU.Build.0 = Release|Any CPU
		{55B3C120-CA5F-4773-89AF-6D249928B576}.ver|Any CPU.ActiveCfg = Release|Any CPU
		{55B3C120-CA5F-4773-89AF-6D249928B576}.ver|Any CPU.Build.0 = Release|Any CPU
		{61FB1E8E-6F92-4092-931F-3B3E1BBB489E}.ci|Any CPU.ActiveCfg = Release|Any CPU
		{61FB1E8E-6F92-4092-931F-3B3E1BBB489E}.ci|Any CPU.Build.0 = Release|Any CPU
		{61FB1E8E-6F92-4092-931F-3B3E1BBB489E}.Debug|Any CPU.ActiveCfg = Debug|Any CPU
		{61FB1E8E-6F92-4092-931F-3B3E1BBB489E}.Debug|Any CPU.Build.0 = Debug|Any CPU
		{61FB1E8E-6F92-4092-931F-3B3E1BBB489E}.int|Any CPU.ActiveCfg = Release|Any CPU
		{61FB1E8E-6F92-4092-931F-3B3E1BBB489E}.int|Any CPU.Build.0 = Release|Any CPU
		{61FB1E8E-6F92-4092-931F-3B3E1BBB489E}.prd|Any CPU.ActiveCfg = Release|Any CPU
		{61FB1E8E-6F92-4092-931F-3B3E1BBB489E}.prd|Any CPU.Build.0 = Release|Any CPU
		{61FB1E8E-6F92-4092-931F-3B3E1BBB489E}.prd-simulation|Any CPU.ActiveCfg = Release|Any CPU
		{61FB1E8E-6F92-4092-931F-3B3E1BBB489E}.prd-simulation|Any CPU.Build.0 = Release|Any CPU
		{61FB1E8E-6F92-4092-931F-3B3E1BBB489E}.Release|Any CPU.ActiveCfg = Release|Any CPU
		{61FB1E8E-6F92-4092-931F-3B3E1BBB489E}.Release|Any CPU.Build.0 = Release|Any CPU
		{61FB1E8E-6F92-4092-931F-3B3E1BBB489E}.ver|Any CPU.ActiveCfg = Release|Any CPU
		{61FB1E8E-6F92-4092-931F-3B3E1BBB489E}.ver|Any CPU.Build.0 = Release|Any CPU
		{E4E87F8D-42E0-4CFB-ADFD-2E94EB7CA9C9}.ci|Any CPU.ActiveCfg = Debug|Any CPU
		{E4E87F8D-42E0-4CFB-ADFD-2E94EB7CA9C9}.ci|Any CPU.Build.0 = Debug|Any CPU
		{E4E87F8D-42E0-4CFB-ADFD-2E94EB7CA9C9}.Debug|Any CPU.ActiveCfg = Debug|Any CPU
		{E4E87F8D-42E0-4CFB-ADFD-2E94EB7CA9C9}.Debug|Any CPU.Build.0 = Debug|Any CPU
		{E4E87F8D-42E0-4CFB-ADFD-2E94EB7CA9C9}.int|Any CPU.ActiveCfg = Debug|Any CPU
		{E4E87F8D-42E0-4CFB-ADFD-2E94EB7CA9C9}.int|Any CPU.Build.0 = Debug|Any CPU
		{E4E87F8D-42E0-4CFB-ADFD-2E94EB7CA9C9}.prd|Any CPU.ActiveCfg = Debug|Any CPU
		{E4E87F8D-42E0-4CFB-ADFD-2E94EB7CA9C9}.prd|Any CPU.Build.0 = Debug|Any CPU
		{E4E87F8D-42E0-4CFB-ADFD-2E94EB7CA9C9}.prd-simulation|Any CPU.ActiveCfg = Debug|Any CPU
		{E4E87F8D-42E0-4CFB-ADFD-2E94EB7CA9C9}.prd-simulation|Any CPU.Build.0 = Debug|Any CPU
		{E4E87F8D-42E0-4CFB-ADFD-2E94EB7CA9C9}.Release|Any CPU.ActiveCfg = Release|Any CPU
		{E4E87F8D-42E0-4CFB-ADFD-2E94EB7CA9C9}.Release|Any CPU.Build.0 = Release|Any CPU
		{E4E87F8D-42E0-4CFB-ADFD-2E94EB7CA9C9}.ver|Any CPU.ActiveCfg = Debug|Any CPU
		{E4E87F8D-42E0-4CFB-ADFD-2E94EB7CA9C9}.ver|Any CPU.Build.0 = Debug|Any CPU
		{5DF4C067-F68B-440F-808D-653D43F91480}.ci|Any CPU.ActiveCfg = Debug|Any CPU
		{5DF4C067-F68B-440F-808D-653D43F91480}.ci|Any CPU.Build.0 = Debug|Any CPU
		{5DF4C067-F68B-440F-808D-653D43F91480}.Debug|Any CPU.ActiveCfg = Debug|Any CPU
		{5DF4C067-F68B-440F-808D-653D43F91480}.Debug|Any CPU.Build.0 = Debug|Any CPU
		{5DF4C067-F68B-440F-808D-653D43F91480}.int|Any CPU.ActiveCfg = Debug|Any CPU
		{5DF4C067-F68B-440F-808D-653D43F91480}.int|Any CPU.Build.0 = Debug|Any CPU
		{5DF4C067-F68B-440F-808D-653D43F91480}.prd|Any CPU.ActiveCfg = Debug|Any CPU
		{5DF4C067-F68B-440F-808D-653D43F91480}.prd|Any CPU.Build.0 = Debug|Any CPU
		{5DF4C067-F68B-440F-808D-653D43F91480}.prd-simulation|Any CPU.ActiveCfg = Debug|Any CPU
		{5DF4C067-F68B-440F-808D-653D43F91480}.prd-simulation|Any CPU.Build.0 = Debug|Any CPU
		{5DF4C067-F68B-440F-808D-653D43F91480}.Release|Any CPU.ActiveCfg = Release|Any CPU
		{5DF4C067-F68B-440F-808D-653D43F91480}.Release|Any CPU.Build.0 = Release|Any CPU
		{5DF4C067-F68B-440F-808D-653D43F91480}.ver|Any CPU.ActiveCfg = Debug|Any CPU
		{5DF4C067-F68B-440F-808D-653D43F91480}.ver|Any CPU.Build.0 = Debug|Any CPU
		{E7B1FD88-7535-47F2-8E8E-235D3D64F667}.ci|Any CPU.ActiveCfg = Debug|Any CPU
		{E7B1FD88-7535-47F2-8E8E-235D3D64F667}.ci|Any CPU.Build.0 = Debug|Any CPU
		{E7B1FD88-7535-47F2-8E8E-235D3D64F667}.Debug|Any CPU.ActiveCfg = Debug|Any CPU
		{E7B1FD88-7535-47F2-8E8E-235D3D64F667}.Debug|Any CPU.Build.0 = Debug|Any CPU
		{E7B1FD88-7535-47F2-8E8E-235D3D64F667}.int|Any CPU.ActiveCfg = Debug|Any CPU
		{E7B1FD88-7535-47F2-8E8E-235D3D64F667}.int|Any CPU.Build.0 = Debug|Any CPU
		{E7B1FD88-7535-47F2-8E8E-235D3D64F667}.prd|Any CPU.ActiveCfg = Debug|Any CPU
		{E7B1FD88-7535-47F2-8E8E-235D3D64F667}.prd|Any CPU.Build.0 = Debug|Any CPU
		{E7B1FD88-7535-47F2-8E8E-235D3D64F667}.prd-simulation|Any CPU.ActiveCfg = Debug|Any CPU
		{E7B1FD88-7535-47F2-8E8E-235D3D64F667}.prd-simulation|Any CPU.Build.0 = Debug|Any CPU
		{E7B1FD88-7535-47F2-8E8E-235D3D64F667}.Release|Any CPU.ActiveCfg = Release|Any CPU
		{E7B1FD88-7535-47F2-8E8E-235D3D64F667}.Release|Any CPU.Build.0 = Release|Any CPU
		{E7B1FD88-7535-47F2-8E8E-235D3D64F667}.ver|Any CPU.ActiveCfg = Debug|Any CPU
		{E7B1FD88-7535-47F2-8E8E-235D3D64F667}.ver|Any CPU.Build.0 = Debug|Any CPU
		{6D3177A9-A7CB-402A-9473-26179B1ACDC7}.ci|Any CPU.ActiveCfg = Debug|Any CPU
		{6D3177A9-A7CB-402A-9473-26179B1ACDC7}.ci|Any CPU.Build.0 = Debug|Any CPU
		{6D3177A9-A7CB-402A-9473-26179B1ACDC7}.Debug|Any CPU.ActiveCfg = Debug|Any CPU
		{6D3177A9-A7CB-402A-9473-26179B1ACDC7}.Debug|Any CPU.Build.0 = Debug|Any CPU
		{6D3177A9-A7CB-402A-9473-26179B1ACDC7}.int|Any CPU.ActiveCfg = Debug|Any CPU
		{6D3177A9-A7CB-402A-9473-26179B1ACDC7}.int|Any CPU.Build.0 = Debug|Any CPU
		{6D3177A9-A7CB-402A-9473-26179B1ACDC7}.prd|Any CPU.ActiveCfg = Debug|Any CPU
		{6D3177A9-A7CB-402A-9473-26179B1ACDC7}.prd|Any CPU.Build.0 = Debug|Any CPU
		{6D3177A9-A7CB-402A-9473-26179B1ACDC7}.prd-simulation|Any CPU.ActiveCfg = Debug|Any CPU
		{6D3177A9-A7CB-402A-9473-26179B1ACDC7}.prd-simulation|Any CPU.Build.0 = Debug|Any CPU
		{6D3177A9-A7CB-402A-9473-26179B1ACDC7}.Release|Any CPU.ActiveCfg = Release|Any CPU
		{6D3177A9-A7CB-402A-9473-26179B1ACDC7}.Release|Any CPU.Build.0 = Release|Any CPU
		{6D3177A9-A7CB-402A-9473-26179B1ACDC7}.ver|Any CPU.ActiveCfg = Debug|Any CPU
		{6D3177A9-A7CB-402A-9473-26179B1ACDC7}.ver|Any CPU.Build.0 = Debug|Any CPU
		{0C7FF3BC-4C57-496F-AF7C-A43B23865B63}.ci|Any CPU.ActiveCfg = Debug|Any CPU
		{0C7FF3BC-4C57-496F-AF7C-A43B23865B63}.ci|Any CPU.Build.0 = Debug|Any CPU
		{0C7FF3BC-4C57-496F-AF7C-A43B23865B63}.Debug|Any CPU.ActiveCfg = Debug|Any CPU
		{0C7FF3BC-4C57-496F-AF7C-A43B23865B63}.Debug|Any CPU.Build.0 = Debug|Any CPU
		{0C7FF3BC-4C57-496F-AF7C-A43B23865B63}.int|Any CPU.ActiveCfg = Debug|Any CPU
		{0C7FF3BC-4C57-496F-AF7C-A43B23865B63}.int|Any CPU.Build.0 = Debug|Any CPU
		{0C7FF3BC-4C57-496F-AF7C-A43B23865B63}.prd|Any CPU.ActiveCfg = Debug|Any CPU
		{0C7FF3BC-4C57-496F-AF7C-A43B23865B63}.prd|Any CPU.Build.0 = Debug|Any CPU
		{0C7FF3BC-4C57-496F-AF7C-A43B23865B63}.prd-simulation|Any CPU.ActiveCfg = Debug|Any CPU
		{0C7FF3BC-4C57-496F-AF7C-A43B23865B63}.prd-simulation|Any CPU.Build.0 = Debug|Any CPU
		{0C7FF3BC-4C57-496F-AF7C-A43B23865B63}.Release|Any CPU.ActiveCfg = Release|Any CPU
		{0C7FF3BC-4C57-496F-AF7C-A43B23865B63}.Release|Any CPU.Build.0 = Release|Any CPU
		{0C7FF3BC-4C57-496F-AF7C-A43B23865B63}.ver|Any CPU.ActiveCfg = Debug|Any CPU
		{0C7FF3BC-4C57-496F-AF7C-A43B23865B63}.ver|Any CPU.Build.0 = Debug|Any CPU
	EndGlobalSection
	GlobalSection(SolutionProperties) = preSolution
		HideSolutionNode = FALSE
	EndGlobalSection
	GlobalSection(NestedProjects) = preSolution
		{20E54E01-96FF-4E48-A961-0267FA748656} = {53B4D6AE-E58A-438E-88E6-1219C6B95229}
		{F0C0B14E-423E-4F2F-A3B1-23438675E6BF} = {53B4D6AE-E58A-438E-88E6-1219C6B95229}
		{6D3177A9-A7CB-402A-9473-26179B1ACDC7} = {53B4D6AE-E58A-438E-88E6-1219C6B95229}
		{0C7FF3BC-4C57-496F-AF7C-A43B23865B63} = {53B4D6AE-E58A-438E-88E6-1219C6B95229}
	EndGlobalSection
	GlobalSection(ExtensibilityGlobals) = postSolution
		SolutionGuid = {929016C1-D948-4CB9-AD95-8115E93A6B9E}
	EndGlobalSection
EndGlobal
