
Microsoft Visual Studio Solution File, Format Version 12.00
# Visual Studio 15
VisualStudioVersion = 15.0.28307.168
MinimumVisualStudioVersion = 10.0.40219.1
Project("{9A19103F-16F7-4668-BE54-9A1E7A4F7556}") = "Nexus.Link.AsyncCaller.Sdk", "src\AsyncCaller.Sdk\Nexus.Link.AsyncCaller.Sdk.csproj", "{AC0B63AD-E18A-4D8E-93CC-D50F9DA4FA5C}"
EndProject
Project("{9A19103F-16F7-4668-BE54-9A1E7A4F7556}") = "AsyncCaller.Sdk.UnitTests", "test\AsyncCaller.UnitTests\AsyncCaller.Sdk.UnitTests.csproj", "{20E54E01-96FF-4E48-A961-0267FA748656}"
EndProject
Project("{2150E333-8FDC-42A3-9474-1A3956D46DE8}") = "Tests", "Tests", "{53B4D6AE-E58A-438E-88E6-1219C6B95229}"
EndProject
Project("{9A19103F-16F7-4668-BE54-9A1E7A4F7556}") = "Keytranslator.Sdk", "src\KeyTranslator.Sdk\Keytranslator.Sdk.csproj", "{0DA72BBA-A0B3-41BB-8008-68FF6417CACD}"
EndProject
Project("{9A19103F-16F7-4668-BE54-9A1E7A4F7556}") = "KeyTranslator.Sdk.Test", "test\KeyTranslator.Sdk\KeyTranslator.Sdk.Test.csproj", "{F0C0B14E-423E-4F2F-A3B1-23438675E6BF}"
EndProject
Project("{9A19103F-16F7-4668-BE54-9A1E7A4F7556}") = "Nexus.Link.BusinessEvents.Sdk", "src\BusinessEvents.Sdk\Nexus.Link.BusinessEvents.Sdk.csproj", "{55B3C120-CA5F-4773-89AF-6D249928B576}"
EndProject
Global
	GlobalSection(SolutionConfigurationPlatforms) = preSolution
		Debug|Any CPU = Debug|Any CPU
		Release|Any CPU = Release|Any CPU
	EndGlobalSection
	GlobalSection(ProjectConfigurationPlatforms) = postSolution
		{AC0B63AD-E18A-4D8E-93CC-D50F9DA4FA5C}.Debug|Any CPU.ActiveCfg = Debug|Any CPU
		{AC0B63AD-E18A-4D8E-93CC-D50F9DA4FA5C}.Debug|Any CPU.Build.0 = Debug|Any CPU
		{AC0B63AD-E18A-4D8E-93CC-D50F9DA4FA5C}.Release|Any CPU.ActiveCfg = Release|Any CPU
		{AC0B63AD-E18A-4D8E-93CC-D50F9DA4FA5C}.Release|Any CPU.Build.0 = Release|Any CPU
		{20E54E01-96FF-4E48-A961-0267FA748656}.Debug|Any CPU.ActiveCfg = Debug|Any CPU
		{20E54E01-96FF-4E48-A961-0267FA748656}.Debug|Any CPU.Build.0 = Debug|Any CPU
		{20E54E01-96FF-4E48-A961-0267FA748656}.Release|Any CPU.ActiveCfg = Release|Any CPU
		{20E54E01-96FF-4E48-A961-0267FA748656}.Release|Any CPU.Build.0 = Release|Any CPU
		{0DA72BBA-A0B3-41BB-8008-68FF6417CACD}.Debug|Any CPU.ActiveCfg = Debug|Any CPU
		{0DA72BBA-A0B3-41BB-8008-68FF6417CACD}.Debug|Any CPU.Build.0 = Debug|Any CPU
		{0DA72BBA-A0B3-41BB-8008-68FF6417CACD}.Release|Any CPU.ActiveCfg = Release|Any CPU
		{0DA72BBA-A0B3-41BB-8008-68FF6417CACD}.Release|Any CPU.Build.0 = Release|Any CPU
		{F0C0B14E-423E-4F2F-A3B1-23438675E6BF}.Debug|Any CPU.ActiveCfg = Debug|Any CPU
		{F0C0B14E-423E-4F2F-A3B1-23438675E6BF}.Debug|Any CPU.Build.0 = Debug|Any CPU
		{F0C0B14E-423E-4F2F-A3B1-23438675E6BF}.Release|Any CPU.ActiveCfg = Release|Any CPU
		{F0C0B14E-423E-4F2F-A3B1-23438675E6BF}.Release|Any CPU.Build.0 = Release|Any CPU
		{55B3C120-CA5F-4773-89AF-6D249928B576}.Debug|Any CPU.ActiveCfg = Debug|Any CPU
		{55B3C120-CA5F-4773-89AF-6D249928B576}.Debug|Any CPU.Build.0 = Debug|Any CPU
		{55B3C120-CA5F-4773-89AF-6D249928B576}.Release|Any CPU.ActiveCfg = Release|Any CPU
		{55B3C120-CA5F-4773-89AF-6D249928B576}.Release|Any CPU.Build.0 = Release|Any CPU
	EndGlobalSection
	GlobalSection(SolutionProperties) = preSolution
		HideSolutionNode = FALSE
	EndGlobalSection
	GlobalSection(NestedProjects) = preSolution
		{20E54E01-96FF-4E48-A961-0267FA748656} = {53B4D6AE-E58A-438E-88E6-1219C6B95229}
		{F0C0B14E-423E-4F2F-A3B1-23438675E6BF} = {53B4D6AE-E58A-438E-88E6-1219C6B95229}
	EndGlobalSection
	GlobalSection(ExtensibilityGlobals) = postSolution
		SolutionGuid = {929016C1-D948-4CB9-AD95-8115E93A6B9E}
	EndGlobalSection
EndGlobal
