
Microsoft Visual Studio Solution File, Format Version 12.00
# Visual Studio Version 17
VisualStudioVersion = 17.0.31612.314
MinimumVisualStudioVersion = 10.0.40219.1
Project("{9A19103F-16F7-4668-BE54-9A1E7A4F7556}") = "WorkflowEngine.Sdk.Persistence.Abstract", "src\WorkflowEngine.Sdk.Persistence.Abstract\WorkflowEngine.Sdk.Persistence.Abstract.csproj", "{B5379489-D368-4654-907D-E7C1CC02CA0C}"
EndProject
Project("{9A19103F-16F7-4668-BE54-9A1E7A4F7556}") = "WorkflowEngine.Sdk.Persistence.Memory", "src\WorkflowEngine.Sdk.Persistence.Memory\WorkflowEngine.Sdk.Persistence.Memory.csproj", "{1BF5B0F6-382C-43E1-8662-ACE292ED9A57}"
EndProject
Project("{9A19103F-16F7-4668-BE54-9A1E7A4F7556}") = "WorkflowEngine.Sdk.Persistence.Sql", "src\WorkflowEngine.Sdk.Persistence.Sql\WorkflowEngine.Sdk.Persistence.Sql.csproj", "{82835AF1-465F-4D43-BC46-0F7A2D09F659}"
EndProject
Project("{9A19103F-16F7-4668-BE54-9A1E7A4F7556}") = "WorkflowEngine.Sdk", "src\WorkflowEngine.Sdk\WorkflowEngine.Sdk.csproj", "{EE7334D9-F500-4063-91A8-716029AA7DBC}"
EndProject
Project("{9A19103F-16F7-4668-BE54-9A1E7A4F7556}") = "WorkflowEngine.Sdk.Persistence.Sql.IntegrationTests", "test\WorkflowEngine.Sdk.Persistence.Sql.UnitTests\WorkflowEngine.Sdk.Persistence.Sql.IntegrationTests.csproj", "{0D402133-679C-46DA-9D5A-AEDCCEA8ADD1}"
EndProject
Global
	GlobalSection(SolutionConfigurationPlatforms) = preSolution
		ci|Any CPU = ci|Any CPU
		Debug|Any CPU = Debug|Any CPU
		int|Any CPU = int|Any CPU
		prd|Any CPU = prd|Any CPU
		prdsim|Any CPU = prdsim|Any CPU
		prd-simulation|Any CPU = prd-simulation|Any CPU
		Release|Any CPU = Release|Any CPU
		ver|Any CPU = ver|Any CPU
	EndGlobalSection
	GlobalSection(ProjectConfigurationPlatforms) = postSolution
		{B5379489-D368-4654-907D-E7C1CC02CA0C}.ci|Any CPU.ActiveCfg = Debug|Any CPU
		{B5379489-D368-4654-907D-E7C1CC02CA0C}.ci|Any CPU.Build.0 = Debug|Any CPU
		{B5379489-D368-4654-907D-E7C1CC02CA0C}.Debug|Any CPU.ActiveCfg = Debug|Any CPU
		{B5379489-D368-4654-907D-E7C1CC02CA0C}.Debug|Any CPU.Build.0 = Debug|Any CPU
		{B5379489-D368-4654-907D-E7C1CC02CA0C}.int|Any CPU.ActiveCfg = Debug|Any CPU
		{B5379489-D368-4654-907D-E7C1CC02CA0C}.int|Any CPU.Build.0 = Debug|Any CPU
		{B5379489-D368-4654-907D-E7C1CC02CA0C}.prd|Any CPU.ActiveCfg = Debug|Any CPU
		{B5379489-D368-4654-907D-E7C1CC02CA0C}.prd|Any CPU.Build.0 = Debug|Any CPU
		{B5379489-D368-4654-907D-E7C1CC02CA0C}.prdsim|Any CPU.ActiveCfg = Debug|Any CPU
		{B5379489-D368-4654-907D-E7C1CC02CA0C}.prdsim|Any CPU.Build.0 = Debug|Any CPU
		{B5379489-D368-4654-907D-E7C1CC02CA0C}.prd-simulation|Any CPU.ActiveCfg = Debug|Any CPU
		{B5379489-D368-4654-907D-E7C1CC02CA0C}.prd-simulation|Any CPU.Build.0 = Debug|Any CPU
		{B5379489-D368-4654-907D-E7C1CC02CA0C}.Release|Any CPU.ActiveCfg = Release|Any CPU
		{B5379489-D368-4654-907D-E7C1CC02CA0C}.Release|Any CPU.Build.0 = Release|Any CPU
		{B5379489-D368-4654-907D-E7C1CC02CA0C}.ver|Any CPU.ActiveCfg = Debug|Any CPU
		{B5379489-D368-4654-907D-E7C1CC02CA0C}.ver|Any CPU.Build.0 = Debug|Any CPU
		{1BF5B0F6-382C-43E1-8662-ACE292ED9A57}.ci|Any CPU.ActiveCfg = Debug|Any CPU
		{1BF5B0F6-382C-43E1-8662-ACE292ED9A57}.ci|Any CPU.Build.0 = Debug|Any CPU
		{1BF5B0F6-382C-43E1-8662-ACE292ED9A57}.Debug|Any CPU.ActiveCfg = Debug|Any CPU
		{1BF5B0F6-382C-43E1-8662-ACE292ED9A57}.Debug|Any CPU.Build.0 = Debug|Any CPU
		{1BF5B0F6-382C-43E1-8662-ACE292ED9A57}.int|Any CPU.ActiveCfg = Debug|Any CPU
		{1BF5B0F6-382C-43E1-8662-ACE292ED9A57}.int|Any CPU.Build.0 = Debug|Any CPU
		{1BF5B0F6-382C-43E1-8662-ACE292ED9A57}.prd|Any CPU.ActiveCfg = Debug|Any CPU
		{1BF5B0F6-382C-43E1-8662-ACE292ED9A57}.prd|Any CPU.Build.0 = Debug|Any CPU
		{1BF5B0F6-382C-43E1-8662-ACE292ED9A57}.prdsim|Any CPU.ActiveCfg = Debug|Any CPU
		{1BF5B0F6-382C-43E1-8662-ACE292ED9A57}.prdsim|Any CPU.Build.0 = Debug|Any CPU
		{1BF5B0F6-382C-43E1-8662-ACE292ED9A57}.prd-simulation|Any CPU.ActiveCfg = Debug|Any CPU
		{1BF5B0F6-382C-43E1-8662-ACE292ED9A57}.prd-simulation|Any CPU.Build.0 = Debug|Any CPU
		{1BF5B0F6-382C-43E1-8662-ACE292ED9A57}.Release|Any CPU.ActiveCfg = Release|Any CPU
		{1BF5B0F6-382C-43E1-8662-ACE292ED9A57}.Release|Any CPU.Build.0 = Release|Any CPU
		{1BF5B0F6-382C-43E1-8662-ACE292ED9A57}.ver|Any CPU.ActiveCfg = Debug|Any CPU
		{1BF5B0F6-382C-43E1-8662-ACE292ED9A57}.ver|Any CPU.Build.0 = Debug|Any CPU
		{82835AF1-465F-4D43-BC46-0F7A2D09F659}.ci|Any CPU.ActiveCfg = Debug|Any CPU
		{82835AF1-465F-4D43-BC46-0F7A2D09F659}.ci|Any CPU.Build.0 = Debug|Any CPU
		{82835AF1-465F-4D43-BC46-0F7A2D09F659}.Debug|Any CPU.ActiveCfg = Debug|Any CPU
		{82835AF1-465F-4D43-BC46-0F7A2D09F659}.Debug|Any CPU.Build.0 = Debug|Any CPU
		{82835AF1-465F-4D43-BC46-0F7A2D09F659}.int|Any CPU.ActiveCfg = Debug|Any CPU
		{82835AF1-465F-4D43-BC46-0F7A2D09F659}.int|Any CPU.Build.0 = Debug|Any CPU
		{82835AF1-465F-4D43-BC46-0F7A2D09F659}.prd|Any CPU.ActiveCfg = Debug|Any CPU
		{82835AF1-465F-4D43-BC46-0F7A2D09F659}.prd|Any CPU.Build.0 = Debug|Any CPU
		{82835AF1-465F-4D43-BC46-0F7A2D09F659}.prdsim|Any CPU.ActiveCfg = Debug|Any CPU
		{82835AF1-465F-4D43-BC46-0F7A2D09F659}.prdsim|Any CPU.Build.0 = Debug|Any CPU
		{82835AF1-465F-4D43-BC46-0F7A2D09F659}.prd-simulation|Any CPU.ActiveCfg = Debug|Any CPU
		{82835AF1-465F-4D43-BC46-0F7A2D09F659}.prd-simulation|Any CPU.Build.0 = Debug|Any CPU
		{82835AF1-465F-4D43-BC46-0F7A2D09F659}.Release|Any CPU.ActiveCfg = Release|Any CPU
		{82835AF1-465F-4D43-BC46-0F7A2D09F659}.Release|Any CPU.Build.0 = Release|Any CPU
		{82835AF1-465F-4D43-BC46-0F7A2D09F659}.ver|Any CPU.ActiveCfg = Debug|Any CPU
		{82835AF1-465F-4D43-BC46-0F7A2D09F659}.ver|Any CPU.Build.0 = Debug|Any CPU
		{EE7334D9-F500-4063-91A8-716029AA7DBC}.ci|Any CPU.ActiveCfg = Debug|Any CPU
		{EE7334D9-F500-4063-91A8-716029AA7DBC}.ci|Any CPU.Build.0 = Debug|Any CPU
		{EE7334D9-F500-4063-91A8-716029AA7DBC}.Debug|Any CPU.ActiveCfg = Debug|Any CPU
		{EE7334D9-F500-4063-91A8-716029AA7DBC}.Debug|Any CPU.Build.0 = Debug|Any CPU
		{EE7334D9-F500-4063-91A8-716029AA7DBC}.int|Any CPU.ActiveCfg = Debug|Any CPU
		{EE7334D9-F500-4063-91A8-716029AA7DBC}.int|Any CPU.Build.0 = Debug|Any CPU
		{EE7334D9-F500-4063-91A8-716029AA7DBC}.prd|Any CPU.ActiveCfg = Debug|Any CPU
		{EE7334D9-F500-4063-91A8-716029AA7DBC}.prd|Any CPU.Build.0 = Debug|Any CPU
		{EE7334D9-F500-4063-91A8-716029AA7DBC}.prdsim|Any CPU.ActiveCfg = Debug|Any CPU
		{EE7334D9-F500-4063-91A8-716029AA7DBC}.prdsim|Any CPU.Build.0 = Debug|Any CPU
		{EE7334D9-F500-4063-91A8-716029AA7DBC}.prd-simulation|Any CPU.ActiveCfg = Debug|Any CPU
		{EE7334D9-F500-4063-91A8-716029AA7DBC}.prd-simulation|Any CPU.Build.0 = Debug|Any CPU
		{EE7334D9-F500-4063-91A8-716029AA7DBC}.Release|Any CPU.ActiveCfg = Release|Any CPU
		{EE7334D9-F500-4063-91A8-716029AA7DBC}.Release|Any CPU.Build.0 = Release|Any CPU
		{EE7334D9-F500-4063-91A8-716029AA7DBC}.ver|Any CPU.ActiveCfg = Debug|Any CPU
		{EE7334D9-F500-4063-91A8-716029AA7DBC}.ver|Any CPU.Build.0 = Debug|Any CPU
		{0D402133-679C-46DA-9D5A-AEDCCEA8ADD1}.ci|Any CPU.ActiveCfg = Debug|Any CPU
		{0D402133-679C-46DA-9D5A-AEDCCEA8ADD1}.ci|Any CPU.Build.0 = Debug|Any CPU
		{0D402133-679C-46DA-9D5A-AEDCCEA8ADD1}.Debug|Any CPU.ActiveCfg = Debug|Any CPU
		{0D402133-679C-46DA-9D5A-AEDCCEA8ADD1}.Debug|Any CPU.Build.0 = Debug|Any CPU
		{0D402133-679C-46DA-9D5A-AEDCCEA8ADD1}.int|Any CPU.ActiveCfg = Debug|Any CPU
		{0D402133-679C-46DA-9D5A-AEDCCEA8ADD1}.int|Any CPU.Build.0 = Debug|Any CPU
		{0D402133-679C-46DA-9D5A-AEDCCEA8ADD1}.prd|Any CPU.ActiveCfg = Debug|Any CPU
		{0D402133-679C-46DA-9D5A-AEDCCEA8ADD1}.prd|Any CPU.Build.0 = Debug|Any CPU
		{0D402133-679C-46DA-9D5A-AEDCCEA8ADD1}.prdsim|Any CPU.ActiveCfg = Debug|Any CPU
		{0D402133-679C-46DA-9D5A-AEDCCEA8ADD1}.prdsim|Any CPU.Build.0 = Debug|Any CPU
		{0D402133-679C-46DA-9D5A-AEDCCEA8ADD1}.prd-simulation|Any CPU.ActiveCfg = Debug|Any CPU
		{0D402133-679C-46DA-9D5A-AEDCCEA8ADD1}.prd-simulation|Any CPU.Build.0 = Debug|Any CPU
		{0D402133-679C-46DA-9D5A-AEDCCEA8ADD1}.Release|Any CPU.ActiveCfg = Release|Any CPU
		{0D402133-679C-46DA-9D5A-AEDCCEA8ADD1}.Release|Any CPU.Build.0 = Release|Any CPU
		{0D402133-679C-46DA-9D5A-AEDCCEA8ADD1}.ver|Any CPU.ActiveCfg = Debug|Any CPU
		{0D402133-679C-46DA-9D5A-AEDCCEA8ADD1}.ver|Any CPU.Build.0 = Debug|Any CPU
	EndGlobalSection
	GlobalSection(SolutionProperties) = preSolution
		HideSolutionNode = FALSE
	EndGlobalSection
	GlobalSection(ExtensibilityGlobals) = postSolution
		SolutionGuid = {136D5196-0B88-4FF8-9A19-24629117C5D8}
	EndGlobalSection
EndGlobal
